
Microsoft Visual Studio Solution File, Format Version 12.00
# Visual Studio Version 16
VisualStudioVersion = 16.0.29306.81
MinimumVisualStudioVersion = 10.0.40219.1
Project("{8BC9CEB8-8B4A-11D0-8D11-00A0C91BC942}") = "АП_РІ-11_Головата_ЛР_04_3", "АП_РІ-11_Головата_ЛР_04_3\АП_РІ-11_Головата_ЛР_04_3.vcxproj", "{E2B4D47A-322B-4C10-9F87-948ADBB90D7A}"
EndProject
Global
	GlobalSection(SolutionConfigurationPlatforms) = preSolution
		Debug|x64 = Debug|x64
		Debug|x86 = Debug|x86
		Release|x64 = Release|x64
		Release|x86 = Release|x86
	EndGlobalSection
	GlobalSection(ProjectConfigurationPlatforms) = postSolution
		{E2B4D47A-322B-4C10-9F87-948ADBB90D7A}.Debug|x64.ActiveCfg = Debug|x64
		{E2B4D47A-322B-4C10-9F87-948ADBB90D7A}.Debug|x64.Build.0 = Debug|x64
		{E2B4D47A-322B-4C10-9F87-948ADBB90D7A}.Debug|x86.ActiveCfg = Debug|Win32
		{E2B4D47A-322B-4C10-9F87-948ADBB90D7A}.Debug|x86.Build.0 = Debug|Win32
		{E2B4D47A-322B-4C10-9F87-948ADBB90D7A}.Release|x64.ActiveCfg = Release|x64
		{E2B4D47A-322B-4C10-9F87-948ADBB90D7A}.Release|x64.Build.0 = Release|x64
		{E2B4D47A-322B-4C10-9F87-948ADBB90D7A}.Release|x86.ActiveCfg = Release|Win32
		{E2B4D47A-322B-4C10-9F87-948ADBB90D7A}.Release|x86.Build.0 = Release|Win32
	EndGlobalSection
	GlobalSection(SolutionProperties) = preSolution
		HideSolutionNode = FALSE
	EndGlobalSection
	GlobalSection(ExtensibilityGlobals) = postSolution
		SolutionGuid = {07074D08-D460-4EFE-B3FE-425FFC578556}
	EndGlobalSection
EndGlobal
